
Microsoft Visual Studio Solution File, Format Version 12.00
# Visual Studio Version 17
VisualStudioVersion = 17.13.35806.99 d17.13
MinimumVisualStudioVersion = 10.0.40219.1
Project("{FAE04EC0-301F-11D3-BF4B-00C04F79EFBC}") = "guided_Modul7", "guided_Modul7\guided_Modul7.csproj", "{6EEB5F0C-F541-4320-B647-58A041427759}"
EndProject
Global
	GlobalSection(SolutionConfigurationPlatforms) = preSolution
		Debug|Any CPU = Debug|Any CPU
		Release|Any CPU = Release|Any CPU
	EndGlobalSection
	GlobalSection(ProjectConfigurationPlatforms) = postSolution
		{6EEB5F0C-F541-4320-B647-58A041427759}.Debug|Any CPU.ActiveCfg = Debug|Any CPU
		{6EEB5F0C-F541-4320-B647-58A041427759}.Debug|Any CPU.Build.0 = Debug|Any CPU
		{6EEB5F0C-F541-4320-B647-58A041427759}.Release|Any CPU.ActiveCfg = Release|Any CPU
		{6EEB5F0C-F541-4320-B647-58A041427759}.Release|Any CPU.Build.0 = Release|Any CPU
	EndGlobalSection
	GlobalSection(SolutionProperties) = preSolution
		HideSolutionNode = FALSE
	EndGlobalSection
	GlobalSection(ExtensibilityGlobals) = postSolution
		SolutionGuid = {E3DB4C62-0950-47E4-B1CC-B8FCB430EC98}
	EndGlobalSection
EndGlobal
